<?xml version="1.0" encoding="utf-8"?>
<Project ToolsVersion="4.0" xmlns="http://schemas.microsoft.com/developer/msbuild/2003">
  <ItemGroup>
    <Filter Include="output">
      <UniqueIdentifier>{67DA6AB6-F800-4c08-8B7A-83BB121AAD01}</UniqueIdentifier>
      <Extensions>rc;ico;cur;bmp;dlg;rc2;rct;bin;rgs;gif;jpg;jpeg;jpe;resx;tiff;tif;png;wav;mfcribbon-ms</Extensions>
    </Filter>
    <Filter Include="common">
      <UniqueIdentifier>{79bd1455-33ad-402a-9a2c-adf696f8aba4}</UniqueIdentifier>
    </Filter>
    <Filter Include="vst_plugins">
      <UniqueIdentifier>{93995380-89BD-4b04-88EB-625FBE52EBFB}</UniqueIdentifier>
      <Extensions>h;hh;hpp;hxx;hm;inl;inc;xsd</Extensions>
    </Filter>
    <Filter Include="vst">
      <UniqueIdentifier>{c044e8be-9ad9-4b17-a765-6cd5b408b31b}</UniqueIdentifier>
    </Filter>
  </ItemGroup>
  <ItemGroup>
    <ClCompile Include="output.cpp">
      <Filter>output</Filter>
    </ClCompile>
    <ClCompile Include="vst.cpp">
      <Filter>vst</Filter>
    </ClCompile>
    <ClCompile Include="audio.cpp">
      <Filter>output</Filter>
    </ClCompile>
    <ClCompile Include="test.cpp" />
  </ItemGroup>
  <ItemGroup>
    <ClInclude Include="output.h">
      <Filter>output</Filter>
    </ClInclude>
    <ClInclude Include="common.h">
      <Filter>common</Filter>
    </ClInclude>
    <ClInclude Include="vst.h">
      <Filter>vst</Filter>
    </ClInclude>
    <ClInclude Include="audio.h">
      <Filter>output</Filter>
    </ClInclude>
  </ItemGroup>
</Project>